
Microsoft Visual Studio Solution File, Format Version 12.00
# Visual Studio 15
VisualStudioVersion = 15.0.28307.1401
MinimumVisualStudioVersion = 10.0.40219.1
Project("{9A19103F-16F7-4668-BE54-9A1E7A4F7556}") = "API2Link", "API2Link\API2Link.csproj", "{DEE8F7C4-3110-4F3B-A5EA-447D3C202537}"
EndProject
Global
	GlobalSection(SolutionConfigurationPlatforms) = preSolution
		Debug|Any CPU = Debug|Any CPU
		Release|Any CPU = Release|Any CPU
	EndGlobalSection
	GlobalSection(ProjectConfigurationPlatforms) = postSolution
		{DEE8F7C4-3110-4F3B-A5EA-447D3C202537}.Debug|Any CPU.ActiveCfg = Debug|Any CPU
		{DEE8F7C4-3110-4F3B-A5EA-447D3C202537}.Debug|Any CPU.Build.0 = Debug|Any CPU
		{DEE8F7C4-3110-4F3B-A5EA-447D3C202537}.Release|Any CPU.ActiveCfg = Release|Any CPU
		{DEE8F7C4-3110-4F3B-A5EA-447D3C202537}.Release|Any CPU.Build.0 = Release|Any CPU
	EndGlobalSection
	GlobalSection(SolutionProperties) = preSolution
		HideSolutionNode = FALSE
	EndGlobalSection
	GlobalSection(ExtensibilityGlobals) = postSolution
		SolutionGuid = {11621BDC-FAA8-41A6-946E-0E35F6AF2597}
	EndGlobalSection
	GlobalSection(TeamFoundationVersionControl) = preSolution
		SccNumberOfProjects = 2
		SccEnterpriseProvider = {4CA58AB2-18FA-4F8D-95D4-32DDF27D184C}
		SccTeamFoundationServer = http://192.168.0.104:8080/tfs/adaposv5collections
		SccLocalPath0 = .
		SccProjectUniqueName1 = API2Link\\API2Link.csproj
		SccProjectName1 = API2Link
		SccLocalPath1 = API2Link
	EndGlobalSection
EndGlobal
